
Microsoft Visual Studio Solution File, Format Version 12.00
# Visual Studio Version 17
VisualStudioVersion = 17.11.35303.130
MinimumVisualStudioVersion = 10.0.40219.1
Project("{FAE04EC0-301F-11D3-BF4B-00C04F79EFBC}") = "AAlbste99 Assignment2", "AAlbste99 Assignment2\AAlbste99 Assignment2.csproj", "{9E513306-D7CE-4954-B3E2-18901A4EDAB7}"
EndProject
Global
	GlobalSection(SolutionConfigurationPlatforms) = preSolution
		Debug|Any CPU = Debug|Any CPU
		Release|Any CPU = Release|Any CPU
	EndGlobalSection
	GlobalSection(ProjectConfigurationPlatforms) = postSolution
		{9E513306-D7CE-4954-B3E2-18901A4EDAB7}.Debug|Any CPU.ActiveCfg = Debug|Any CPU
		{9E513306-D7CE-4954-B3E2-18901A4EDAB7}.Debug|Any CPU.Build.0 = Debug|Any CPU
		{9E513306-D7CE-4954-B3E2-18901A4EDAB7}.Release|Any CPU.ActiveCfg = Release|Any CPU
		{9E513306-D7CE-4954-B3E2-18901A4EDAB7}.Release|Any CPU.Build.0 = Release|Any CPU
	EndGlobalSection
	GlobalSection(SolutionProperties) = preSolution
		HideSolutionNode = FALSE
	EndGlobalSection
	GlobalSection(ExtensibilityGlobals) = postSolution
		SolutionGuid = {FA09917B-94E3-4D44-AD36-B9E74A70ECA0}
	EndGlobalSection
EndGlobal
